
Microsoft Visual Studio Solution File, Format Version 12.00
# Visual Studio Version 17
VisualStudioVersion = 17.13.35913.81 d17.13
MinimumVisualStudioVersion = 10.0.40219.1
Project("{FAE04EC0-301F-11D3-BF4B-00C04F79EFBC}") = "ChatApplication", "ChatApplication\ChatApplication.csproj", "{24B0CAAF-9433-473B-ACF6-33F7FE9BE403}"
EndProject
Global
	GlobalSection(SolutionConfigurationPlatforms) = preSolution
		Debug|Any CPU = Debug|Any CPU
		Release|Any CPU = Release|Any CPU
	EndGlobalSection
	GlobalSection(ProjectConfigurationPlatforms) = postSolution
		{24B0CAAF-9433-473B-ACF6-33F7FE9BE403}.Debug|Any CPU.ActiveCfg = Debug|Any CPU
		{24B0CAAF-9433-473B-ACF6-33F7FE9BE403}.Debug|Any CPU.Build.0 = Debug|Any CPU
		{24B0CAAF-9433-473B-ACF6-33F7FE9BE403}.Release|Any CPU.ActiveCfg = Release|Any CPU
		{24B0CAAF-9433-473B-ACF6-33F7FE9BE403}.Release|Any CPU.Build.0 = Release|Any CPU
	EndGlobalSection
	GlobalSection(SolutionProperties) = preSolution
		HideSolutionNode = FALSE
	EndGlobalSection
	GlobalSection(ExtensibilityGlobals) = postSolution
		SolutionGuid = {81F5DAF0-44BB-4A86-8415-32BDE3D06749}
	EndGlobalSection
EndGlobal
